version: 1.0
shards:
  action-controller:
    github: spider-gazelle/action-controller
    version: 3.3.0

  bindata:
    github: spider-gazelle/bindata
    version: 1.5.5

  db:
    github: crystal-lang/crystal-db
    version: 0.9.0

  discordcr:
    github: discordcr/discordcr
    commit: 619e08d31fd10918f2554f7623e2066ac308c439

  dotenv:
    github: gdotdesign/cr-dotenv
    version: 0.7.0

  future:
    github: crystal-community/future.cr
    version: 0.1.0

  habitat:
    github: luckyframework/habitat
    version: 0.4.4

  humanize_time:
    github: mamantoha/humanize_time
    version: 0.6.0

  i18n:
    github: TechMagister/i18n.cr
    version: 0.3.1

  i18n_plural_rules:
    github: mamantoha/i18n_plural_rules
    version: 0.1.1

  json_mapping:
    github: crystal-lang/json_mapping.cr
    version: 0.1.0

  jwt:
    github: crystal-community/jwt
    version: 1.4.2

  kilt:
    github: jeromegn/kilt
    version: 0.6.0

  lucky_router:
    github: luckyframework/lucky_router
    version: 0.3.0

  openssl_ext:
    github: stakach/openssl_ext
    version: 1.2.2

  sqlite3:
    github: crystal-lang/crystal-sqlite3
    version: 0.16.0

